github.com/creack/pty v1.1.9/go.mod h1:oKZEueFk5CKHvIhNR5MUki03XCEU+Q6VDXinZuGJ33E=
github.com/davecgh/go-spew v1.1.0/go.mod h1:J7Y8YcW2NihsgmVo/mv3lAwl/skON4iLHjSsI+c5H38=
github.com/davecgh/go-spew v1.1.1 h1:vj9j/u1bqnvCEfJOwUhtlOARqs3+rkHYY13jYWTU97c=
github.com/davecgh/go-spew v1.1.1/go.mod h1:J7Y8YcW2NihsgmVo/mv3lAwl/skON4iLHjSsI+c5H38=
github.com/google/uuid v1.3.0 h1:t6JiXgmwXMjEs8VusXIJk2BXHsn+wx8BZdTaoZ5fu7I=
github.com/google/uuid v1.3.0/go.mod h1:TIyPZe4MgqvfeYDBFedMoGGpEw/LqOeaOT+nhxU+yHo=
github.com/hyperledger/aries-framework-go v0.1.8-0.20220322085443-50e8f9bd208b h1:q+Plvnq7/n3IwTO6IOhBXn//txifpeo/OErvM1ivh8s=
github.com/hyperledger/aries-framework-go/cmd/aries-agent-mobile v0.0.0-20220811152045-03f747c09617 h1:3QNyjpHGcKgdWF7WX6AFqfPeUSr14leIbqzq6qI9wWA=
github.com/hyperledger/aries-framework-go/cmd/aries-agent-mobile v0.0.0-20220811152045-03f747c09617/go.mod h1:NE+udomUMekXew+ytQa3G163zLaRJKWjXloSpG+/lV0=
github.com/hyperledger/aries-framework-go/component/storageutil v0.0.0-20220322085443-50e8f9bd208b h1:IoD7+sHQRLMouwHjhrOj5vhg+rPt/aKl4P+WiBZVHVk=
github.com/hyperledger/aries-framework-go/spi v0.0.0-20220606124520-53422361c38c h1:4JSde5+80U+W8IxwNt/Dd/3PPEIGYTI3RbjFXOi4o1g=
github.com/hyperledger/aries-framework-go/spi v0.0.0-20220606124520-53422361c38c/go.mod h1:4bD5c5fj5K7rkQurVa/8I8+TfNcI4bxIBzaUNcxTOTg=
github.com/hyperledger/aries-framework-go/test/component v0.0.0-20220428211718-66cc046674a1 h1:vxZ0DlFNLjgxMdBESLZu895AsI1JWL2SJerphwIn8Po=
github.com/hyperledger/aries-framework-go/test/component v0.0.0-20220428211718-66cc046674a1/go.mod h1:lykx3N+GX+sAWSxO2Ycc4Dz+ynV9b0Fv4NdP+ms4Alc=
github.com/kr/pty v1.1.1/go.mod h1:pFQYn66WHrOpPYNljwOMqo10TkYh1fy3cYio2l3bCsQ=
github.com/kr/text v0.1.0/go.mod h1:4Jbv+DJW3UT/LiOwJeYQe1efqtUx/iVham/4vfdArNI=
github.com/kr/text v0.2.0 h1:5Nx0Ya0ZqY2ygV366QzturHI13Jq95ApcVaJBhpS+AY=
github.com/kr/text v0.2.0/go.mod h1:eLer722TekiGuMkidMxC/pM04lWEeraHUUmBw8l2grE=
github.com/mattn/go-sqlite3 v1.14.14 h1:qZgc/Rwetq+MtyE18WhzjokPD93dNqLGNT3QJuLvBGw=
github.com/mattn/go-sqlite3 v1.14.14/go.mod h1:NyWgC/yNuGj7Q9rpYnZvas74GogHl5/Z4A/KQRfk6bU=
github.com/niemeyer/pretty v0.0.0-20200227124842-a10e7caefd8e h1:fD57ERR4JtEqsWbfPhv4DMiApHyliiK5xCTNVSPiaAs=
github.com/niemeyer/pretty v0.0.0-20200227124842-a10e7caefd8e/go.mod h1:zD1mROLANZcx1PVRCS0qkT7pwLkGfwJo4zjcN/Tysno=
github.com/pmezard/go-difflib v1.0.0 h1:4DBwDE0NGyQoBHbLQYPwSUPoCMWR5BEzIk/f1lZbAQM=
github.com/pmezard/go-difflib v1.0.0/go.mod h1:iKH77koFhYxTK1pcRnkKkqfTogsbg7gZNVY4sRDYZ/4=
github.com/stretchr/objx v0.1.0/go.mod h1:HFkY916IF+rwdDfMAkV7OtwuqBVzrE8GR6GFx+wExME=
github.com/stretchr/testify v1.7.2 h1:4jaiDzPyXQvSd7D0EjG45355tLlV3VOECpq10pLC+8s=
github.com/stretchr/testify v1.7.2/go.mod h1:R6va5+xMeoiuVRoj+gSkQ7d3FALtqAAGI1FQKckRals=
gopkg.in/check.v1 v0.0.0-20161208181325-20d25e280405/go.mod h1:Co6ibVJAznAaIkqp8huTwlJQCZ016jof/cbN4VW5Yz0=
gopkg.in/check.v1 v1.0.0-20200227125254-8fa46927fb4f h1:BLraFXnmrev5lT+xlilqcH8XK9/i0At2xKjWk4p6zsU=
gopkg.in/check.v1 v1.0.0-20200227125254-8fa46927fb4f/go.mod h1:Co6ibVJAznAaIkqp8huTwlJQCZ016jof/cbN4VW5Yz0=
gopkg.in/yaml.v3 v3.0.1 h1:fxVm/GzAzEWqLHuvctI91KS9hhNmmWOoWu0XTYJS7CA=
gopkg.in/yaml.v3 v3.0.1/go.mod h1:K4uyk7z7BCEPqu6E+C64Yfv1cQ7kz7rIZviUmN+EgEM=
